
Microsoft Visual Studio Solution File, Format Version 12.00
# Visual Studio Version 17
VisualStudioVersion = 17.4.33213.308
MinimumVisualStudioVersion = 10.0.40219.1
Project("{FAE04EC0-301F-11D3-BF4B-00C04F79EFBC}") = "SocialNetwork", "SocialNetwork.csproj", "{907AF708-87C5-4689-87E8-6C14A9E69CE2}"
EndProject
Project("{FAE04EC0-301F-11D3-BF4B-00C04F79EFBC}") = "SocialNetwork.Contracts", "..\SocialNetwork.Contracts\SocialNetwork.Contracts.csproj", "{C1D2C792-E810-4242-9B5F-8B1720A29DA1}"
EndProject
Project("{FAE04EC0-301F-11D3-BF4B-00C04F79EFBC}") = "SocialNetwork.Data", "..\SocialNetwork.Data\SocialNetwork.Data.csproj", "{7053DABD-3950-41D9-A186-DA29BF203B0D}"
EndProject
Global
	GlobalSection(SolutionConfigurationPlatforms) = preSolution
		Debug|Any CPU = Debug|Any CPU
		Release|Any CPU = Release|Any CPU
	EndGlobalSection
	GlobalSection(ProjectConfigurationPlatforms) = postSolution
		{907AF708-87C5-4689-87E8-6C14A9E69CE2}.Debug|Any CPU.ActiveCfg = Debug|Any CPU
		{907AF708-87C5-4689-87E8-6C14A9E69CE2}.Debug|Any CPU.Build.0 = Debug|Any CPU
		{907AF708-87C5-4689-87E8-6C14A9E69CE2}.Release|Any CPU.ActiveCfg = Release|Any CPU
		{907AF708-87C5-4689-87E8-6C14A9E69CE2}.Release|Any CPU.Build.0 = Release|Any CPU
		{C1D2C792-E810-4242-9B5F-8B1720A29DA1}.Debug|Any CPU.ActiveCfg = Debug|Any CPU
		{C1D2C792-E810-4242-9B5F-8B1720A29DA1}.Debug|Any CPU.Build.0 = Debug|Any CPU
		{C1D2C792-E810-4242-9B5F-8B1720A29DA1}.Release|Any CPU.ActiveCfg = Release|Any CPU
		{C1D2C792-E810-4242-9B5F-8B1720A29DA1}.Release|Any CPU.Build.0 = Release|Any CPU
		{7053DABD-3950-41D9-A186-DA29BF203B0D}.Debug|Any CPU.ActiveCfg = Debug|Any CPU
		{7053DABD-3950-41D9-A186-DA29BF203B0D}.Debug|Any CPU.Build.0 = Debug|Any CPU
		{7053DABD-3950-41D9-A186-DA29BF203B0D}.Release|Any CPU.ActiveCfg = Release|Any CPU
		{7053DABD-3950-41D9-A186-DA29BF203B0D}.Release|Any CPU.Build.0 = Release|Any CPU
	EndGlobalSection
	GlobalSection(SolutionProperties) = preSolution
		HideSolutionNode = FALSE
	EndGlobalSection
	GlobalSection(ExtensibilityGlobals) = postSolution
		SolutionGuid = {E6A43BEC-DC29-4239-8464-5081BFD78CC5}
	EndGlobalSection
EndGlobal
